<?xml version="1.0" encoding="utf-8"?>
<Project ToolsVersion="4.0" xmlns="http://schemas.microsoft.com/developer/msbuild/2003">
  <ItemGroup>
    <Filter Include="Source Files">
      <UniqueIdentifier>{4FC737F1-C7A5-4376-A066-2A32D752A2FF}</UniqueIdentifier>
      <Extensions>cpp;c;cc;cxx;c++;cppm;ixx;def;odl;idl;hpj;bat;asm;asmx</Extensions>
    </Filter>
    <Filter Include="Header Files">
      <UniqueIdentifier>{93995380-89BD-4b04-88EB-625FBE52EBFB}</UniqueIdentifier>
      <Extensions>h;hh;hpp;hxx;h++;hm;inl;inc;ipp;xsd</Extensions>
    </Filter>
    <Filter Include="Resource Files">
      <UniqueIdentifier>{67DA6AB6-F800-4c08-8B7A-83BB121AAD01}</UniqueIdentifier>
      <Extensions>rc;ico;cur;bmp;dlg;rc2;rct;bin;rgs;gif;jpg;jpeg;jpe;resx;tiff;tif;png;wav;mfcribbon-ms</Extensions>
    </Filter>
    <Filter Include="Header Files\Utils">
      <UniqueIdentifier>{5f22cb7f-e773-492d-aee4-d119dca4debf}</UniqueIdentifier>
    </Filter>
    <Filter Include="Source Files\Utils">
      <UniqueIdentifier>{9240e62f-664f-442a-96c5-81f1aaeafeeb}</UniqueIdentifier>
    </Filter>
    <Filter Include="Header Files\ImGui">
      <UniqueIdentifier>{8a98fe81-a604-4d3c-b95a-4a6ffc89b9c3}</UniqueIdentifier>
    </Filter>
    <Filter Include="Header Files\Valve">
      <UniqueIdentifier>{1a83d111-8cea-4185-a6e8-6efe588a03c2}</UniqueIdentifier>
    </Filter>
    <Filter Include="Header Files\Valve\SDK">
      <UniqueIdentifier>{f304f3dc-376d-4f26-b205-6366f00b9f9b}</UniqueIdentifier>
    </Filter>
    <Filter Include="Header Files\Valve\Interfaces">
      <UniqueIdentifier>{8bc449c0-d13d-44fd-bf67-0cb9f1e7a972}</UniqueIdentifier>
    </Filter>
    <Filter Include="Header Files\Valve\Custom">
      <UniqueIdentifier>{3b9273ce-adb5-4842-a775-41eae25a0d2b}</UniqueIdentifier>
    </Filter>
    <Filter Include="Header Files\Hacks">
      <UniqueIdentifier>{cac9f5e3-f794-489b-83ac-b73b2badf1d7}</UniqueIdentifier>
    </Filter>
    <Filter Include="Source Files\Hacks">
      <UniqueIdentifier>{6549381b-d1a9-448a-815a-3d42472db2d8}</UniqueIdentifier>
    </Filter>
    <Filter Include="Header Files\GUI">
      <UniqueIdentifier>{280fe4e4-6c1d-4092-ae95-a9cb39739077}</UniqueIdentifier>
    </Filter>
    <Filter Include="Source Files\GUI">
      <UniqueIdentifier>{e8baf18f-d89b-4398-9fbc-a26cecde7f1b}</UniqueIdentifier>
    </Filter>
    <Filter Include="Source Files\Valve">
      <UniqueIdentifier>{024bc37c-4bd3-46f1-aacf-de03ae0b9755}</UniqueIdentifier>
    </Filter>
    <Filter Include="Source Files\Valve\SDK">
      <UniqueIdentifier>{839b8519-ceee-4cf9-bb82-13ed75e6ee3e}</UniqueIdentifier>
    </Filter>
    <Filter Include="Source Files\Valve\Interfaces">
      <UniqueIdentifier>{8710f647-6119-4e0d-9419-fb0a7e259d16}</UniqueIdentifier>
    </Filter>
  </ItemGroup>
  <ItemGroup>
    <ClCompile Include="dllmain.cpp">
      <Filter>Source Files</Filter>
    </ClCompile>
    <ClCompile Include="Utils\Logger.cpp">
      <Filter>Source Files\Utils</Filter>
    </ClCompile>
    <ClCompile Include="ImGui\imgui.cpp">
      <Filter>Header Files\ImGui</Filter>
    </ClCompile>
    <ClCompile Include="ImGui\imgui_demo.cpp">
      <Filter>Header Files\ImGui</Filter>
    </ClCompile>
    <ClCompile Include="ImGui\imgui_draw.cpp">
      <Filter>Header Files\ImGui</Filter>
    </ClCompile>
    <ClCompile Include="ImGui\imgui_impl_dx9.cpp">
      <Filter>Header Files\ImGui</Filter>
    </ClCompile>
    <ClCompile Include="ImGui\imgui_impl_win32.cpp">
      <Filter>Header Files\ImGui</Filter>
    </ClCompile>
    <ClCompile Include="ImGui\imgui_tables.cpp">
      <Filter>Header Files\ImGui</Filter>
    </ClCompile>
    <ClCompile Include="ImGui\imgui_widgets.cpp">
      <Filter>Header Files\ImGui</Filter>
    </ClCompile>
    <ClCompile Include="Globals.cpp">
      <Filter>Source Files</Filter>
    </ClCompile>
    <ClCompile Include="Hooks.cpp">
      <Filter>Source Files</Filter>
    </ClCompile>
    <ClCompile Include="Interfaces.cpp">
      <Filter>Source Files</Filter>
    </ClCompile>
    <ClCompile Include="Netvars.cpp">
      <Filter>Source Files</Filter>
    </ClCompile>
    <ClCompile Include="Hacks\Autowall.cpp">
      <Filter>Source Files\Hacks</Filter>
    </ClCompile>
    <ClCompile Include="GUI\Config.cpp">
      <Filter>Source Files\GUI</Filter>
    </ClCompile>
    <ClCompile Include="GUI\Menu.cpp">
      <Filter>Source Files\GUI</Filter>
    </ClCompile>
    <ClCompile Include="Hacks\Lagcomp.cpp">
      <Filter>Source Files\Hacks</Filter>
    </ClCompile>
    <ClCompile Include="Hacks\Backtrack.cpp">
      <Filter>Source Files\Hacks</Filter>
    </ClCompile>
    <ClCompile Include="Hacks\Movement.cpp">
      <Filter>Source Files\Hacks</Filter>
    </ClCompile>
    <ClCompile Include="Hacks\ESP.cpp">
      <Filter>Source Files\Hacks</Filter>
    </ClCompile>
    <ClCompile Include="Valve\SDK\Vector.cpp">
      <Filter>Source Files\Valve\SDK</Filter>
    </ClCompile>
    <ClCompile Include="Hacks\Aimbot.cpp">
      <Filter>Source Files\Hacks</Filter>
    </ClCompile>
    <ClCompile Include="Hacks\Thirdperson.cpp">
      <Filter>Source Files\Hacks</Filter>
    </ClCompile>
    <ClCompile Include="Valve\Interfaces\IGlobalVars.cpp">
      <Filter>Source Files\Valve\Interfaces</Filter>
    </ClCompile>
    <ClCompile Include="Hacks\AntiAim.cpp">
      <Filter>Source Files\Hacks</Filter>
    </ClCompile>
    <ClCompile Include="Hacks\ZeusBot.cpp">
      <Filter>Source Files\Hacks</Filter>
    </ClCompile>
    <ClCompile Include="Hacks\DlightManager.cpp">
      <Filter>Source Files\Hacks</Filter>
    </ClCompile>
    <ClCompile Include="Hacks\Resolver.cpp">
      <Filter>Source Files\Hacks</Filter>
    </ClCompile>
  </ItemGroup>
  <ItemGroup>
    <ClInclude Include="Utils\Logger.hpp">
      <Filter>Header Files\Utils</Filter>
    </ClInclude>
    <ClInclude Include="ImGui\imconfig.h">
      <Filter>Header Files\ImGui</Filter>
    </ClInclude>
    <ClInclude Include="ImGui\imgui.h">
      <Filter>Header Files\ImGui</Filter>
    </ClInclude>
    <ClInclude Include="ImGui\imgui_impl_dx9.h">
      <Filter>Header Files\ImGui</Filter>
    </ClInclude>
    <ClInclude Include="ImGui\imgui_impl_win32.h">
      <Filter>Header Files\ImGui</Filter>
    </ClInclude>
    <ClInclude Include="ImGui\imgui_internal.h">
      <Filter>Header Files\ImGui</Filter>
    </ClInclude>
    <ClInclude Include="ImGui\imstb_rectpack.h">
      <Filter>Header Files\ImGui</Filter>
    </ClInclude>
    <ClInclude Include="ImGui\imstb_textedit.h">
      <Filter>Header Files\ImGui</Filter>
    </ClInclude>
    <ClInclude Include="ImGui\imstb_truetype.h">
      <Filter>Header Files\ImGui</Filter>
    </ClInclude>
    <ClInclude Include="Include.hpp">
      <Filter>Header Files</Filter>
    </ClInclude>
    <ClInclude Include="Globals.hpp">
      <Filter>Header Files</Filter>
    </ClInclude>
    <ClInclude Include="Hooks.hpp">
      <Filter>Header Files</Filter>
    </ClInclude>
    <ClInclude Include="Interfaces.hpp">
      <Filter>Header Files</Filter>
    </ClInclude>
    <ClInclude Include="Netvars.hpp">
      <Filter>Header Files</Filter>
    </ClInclude>
    <ClInclude Include="Utils\Utils.hpp">
      <Filter>Header Files\Utils</Filter>
    </ClInclude>
    <ClInclude Include="Entity.hpp">
      <Filter>Header Files</Filter>
    </ClInclude>
    <ClInclude Include="Utils\GetVFunc.hpp">
      <Filter>Header Files\Utils</Filter>
    </ClInclude>
    <ClInclude Include="Valve\Valve.hpp">
      <Filter>Header Files\Valve</Filter>
    </ClInclude>
    <ClInclude Include="Valve\Interfaces\IBaseClientDll.hpp">
      <Filter>Header Files\Valve\Interfaces</Filter>
    </ClInclude>
    <ClInclude Include="Valve\Interfaces\Interfaces.hpp">
      <Filter>Header Files\Valve\Interfaces</Filter>
    </ClInclude>
    <ClInclude Include="Valve\SDK\CRecvProxyData.hpp">
      <Filter>Header Files\Valve\SDK</Filter>
    </ClInclude>
    <ClInclude Include="Valve\SDK\ESendPropType.hpp">
      <Filter>Header Files\Valve\SDK</Filter>
    </ClInclude>
    <ClInclude Include="Valve\SDK\Prototypes.hpp">
      <Filter>Header Files\Valve\SDK</Filter>
    </ClInclude>
    <ClInclude Include="Valve\SDK\RecvProp_t.hpp">
      <Filter>Header Files\Valve\SDK</Filter>
    </ClInclude>
    <ClInclude Include="Valve\SDK\RecvTable_t.hpp">
      <Filter>Header Files\Valve\SDK</Filter>
    </ClInclude>
    <ClInclude Include="Valve\SDK\SDK.hpp">
      <Filter>Header Files\Valve\SDK</Filter>
    </ClInclude>
    <ClInclude Include="Valve\SDK\DataVariant_t.hpp">
      <Filter>Header Files\Valve\SDK</Filter>
    </ClInclude>
    <ClInclude Include="Valve\Interfaces\IEngineClient.hpp">
      <Filter>Header Files\Valve\Interfaces</Filter>
    </ClInclude>
    <ClInclude Include="Valve\SDK\INetChannelInfo.hpp">
      <Filter>Header Files\Valve\SDK</Filter>
    </ClInclude>
    <ClInclude Include="Valve\SDK\Matrix.hpp">
      <Filter>Header Files\Valve\SDK</Filter>
    </ClInclude>
    <ClInclude Include="Valve\SDK\QAngle.hpp">
      <Filter>Header Files\Valve\SDK</Filter>
    </ClInclude>
    <ClInclude Include="Valve\SDK\PlayerInfo_t.hpp">
      <Filter>Header Files\Valve\SDK</Filter>
    </ClInclude>
    <ClInclude Include="Valve\Interfaces\ISurface.hpp">
      <Filter>Header Files\Valve\Interfaces</Filter>
    </ClInclude>
    <ClInclude Include="Valve\Custom\Custom.hpp">
      <Filter>Header Files\Valve\Custom</Filter>
    </ClInclude>
    <ClInclude Include="Valve\Custom\Color.hpp">
      <Filter>Header Files\Valve\Custom</Filter>
    </ClInclude>
    <ClInclude Include="Valve\SDK\Vertex_t.hpp">
      <Filter>Header Files\Valve\SDK</Filter>
    </ClInclude>
    <ClInclude Include="Utils\VMT.hpp">
      <Filter>Header Files\Utils</Filter>
    </ClInclude>
    <ClInclude Include="Utils\PatternScan.hpp">
      <Filter>Header Files\Utils</Filter>
    </ClInclude>
    <ClInclude Include="Valve\SDK\definitions.hpp">
      <Filter>Header Files\Valve\SDK</Filter>
    </ClInclude>
    <ClInclude Include="Valve\SDK\Ray_t.hpp">
      <Filter>Header Files\Valve\SDK</Filter>
    </ClInclude>
    <ClInclude Include="Valve\SDK\CBaseTrace.hpp">
      <Filter>Header Files\Valve\SDK</Filter>
    </ClInclude>
    <ClInclude Include="Valve\SDK\csurface_t.hpp">
      <Filter>Header Files\Valve\SDK</Filter>
    </ClInclude>
    <ClInclude Include="Valve\SDK\CGameTrace.hpp">
      <Filter>Header Files\Valve\SDK</Filter>
    </ClInclude>
    <ClInclude Include="Valve\SDK\Model_t.hpp">
      <Filter>Header Files\Valve\SDK</Filter>
    </ClInclude>
    <ClInclude Include="Valve\SDK\CUserCmd.hpp">
      <Filter>Header Files\Valve\SDK</Filter>
    </ClInclude>
    <ClInclude Include="Valve\Interfaces\IClientModeShared.hpp">
      <Filter>Header Files\Valve\Interfaces</Filter>
    </ClInclude>
    <ClInclude Include="Valve\Interfaces\IVPanel.hpp">
      <Filter>Header Files\Valve\Interfaces</Filter>
    </ClInclude>
    <ClInclude Include="Valve\SDK\cplane_t.hpp">
      <Filter>Header Files\Valve\SDK</Filter>
    </ClInclude>
    <ClInclude Include="Valve\Interfaces\IClientEntityList.hpp">
      <Filter>Header Files\Valve\Interfaces</Filter>
    </ClInclude>
    <ClInclude Include="Valve\SDK\CUtlMemory.hpp">
      <Filter>Header Files\Valve\SDK</Filter>
    </ClInclude>
    <ClInclude Include="Valve\SDK\CUtlVector.hpp">
      <Filter>Header Files\Valve\SDK</Filter>
    </ClInclude>
    <ClInclude Include="Valve\Interfaces\IInputSystem.hpp">
      <Filter>Header Files\Valve\Interfaces</Filter>
    </ClInclude>
    <ClInclude Include="Valve\SDK\CCSWeaponData.hpp">
      <Filter>Header Files\Valve\SDK</Filter>
    </ClInclude>
    <ClInclude Include="Valve\Interfaces\IWeaponSystem.hpp">
      <Filter>Header Files\Valve\Interfaces</Filter>
    </ClInclude>
    <ClInclude Include="Valve\SDK\ITraceFilter.hpp">
      <Filter>Header Files\Valve\SDK</Filter>
    </ClInclude>
    <ClInclude Include="Hacks\Autowall.hpp">
      <Filter>Header Files\Hacks</Filter>
    </ClInclude>
    <ClInclude Include="Valve\Interfaces\IPhysicsSurfaceProps.hpp">
      <Filter>Header Files\Valve\Interfaces</Filter>
    </ClInclude>
    <ClInclude Include="Valve\SDK\ICollideable.hpp">
      <Filter>Header Files\Valve\SDK</Filter>
    </ClInclude>
    <ClInclude Include="Valve\Interfaces\IEngineTrace.hpp">
      <Filter>Header Files\Valve\Interfaces</Filter>
    </ClInclude>
    <ClInclude Include="Valve\SDK\BSPFlags.hpp">
      <Filter>Header Files\Valve\SDK</Filter>
    </ClInclude>
    <ClInclude Include="Valve\Interfaces\Convar.hpp">
      <Filter>Header Files\Valve\Interfaces</Filter>
    </ClInclude>
    <ClInclude Include="GUI\Config.hpp">
      <Filter>Header Files\GUI</Filter>
    </ClInclude>
    <ClInclude Include="GUI\Menu.hpp">
      <Filter>Header Files\GUI</Filter>
    </ClInclude>
    <ClInclude Include="Hacks\Movement.hpp">
      <Filter>Header Files\Hacks</Filter>
    </ClInclude>
    <ClInclude Include="Utils\Math.hpp">
      <Filter>Header Files\Utils</Filter>
    </ClInclude>
    <ClInclude Include="Hacks\Lagcomp.hpp">
      <Filter>Header Files\Hacks</Filter>
    </ClInclude>
    <ClInclude Include="Valve\SDK\Studio.hpp">
      <Filter>Header Files\Valve\SDK</Filter>
    </ClInclude>
    <ClInclude Include="Valve\SDK\EClientFrameStage.hpp">
      <Filter>Header Files\Valve\SDK</Filter>
    </ClInclude>
    <ClInclude Include="Hacks\Backtrack.hpp">
      <Filter>Header Files\Hacks</Filter>
    </ClInclude>
    <ClInclude Include="Hacks\ESP.hpp">
      <Filter>Header Files\Hacks</Filter>
    </ClInclude>
    <ClInclude Include="Valve\SDK\EFontFlags.hpp">
      <Filter>Header Files\Valve\SDK</Filter>
    </ClInclude>
    <ClInclude Include="Valve\Interfaces\IVModelInfo.hpp">
      <Filter>Header Files\Valve\Interfaces</Filter>
    </ClInclude>
    <ClInclude Include="Valve\SDK\Animations.h">
      <Filter>Header Files\Valve\SDK</Filter>
    </ClInclude>
    <ClInclude Include="Hacks\Aimbot.hpp">
      <Filter>Header Files\Hacks</Filter>
    </ClInclude>
    <ClInclude Include="Hacks\Thirdperson.hpp">
      <Filter>Header Files\Hacks</Filter>
    </ClInclude>
    <ClInclude Include="Valve\Interfaces\IInput.hpp">
      <Filter>Header Files\Valve\Interfaces</Filter>
    </ClInclude>
    <ClInclude Include="Valve\Interfaces\IGlobalVars.hpp">
      <Filter>Header Files\Valve\Interfaces</Filter>
    </ClInclude>
    <ClInclude Include="Valve\Interfaces\IVDebugOverlay.hpp">
      <Filter>Header Files\Valve\Interfaces</Filter>
    </ClInclude>
    <ClInclude Include="Hacks\AntiAim.hpp">
      <Filter>Header Files\Hacks</Filter>
    </ClInclude>
    <ClInclude Include="Hacks\ZeusBot.hpp">
      <Filter>Header Files\Hacks</Filter>
    </ClInclude>
    <ClInclude Include="Valve\Interfaces\CEffects.hpp">
      <Filter>Header Files\Valve\Interfaces</Filter>
    </ClInclude>
    <ClInclude Include="Valve\SDK\Vector.hpp">
      <Filter>Header Files\Valve\SDK</Filter>
    </ClInclude>
    <ClInclude Include="Hacks\DlightManager.hpp">
      <Filter>Header Files\Hacks</Filter>
    </ClInclude>
    <ClInclude Include="Hacks\Resolver.hpp">
      <Filter>Header Files\Hacks</Filter>
    </ClInclude>
    <ClInclude Include="Valve\Interfaces\GameEventManager.hpp">
      <Filter>Header Files\Valve\Interfaces</Filter>
    </ClInclude>
    <ClInclude Include="Utils\StrHash.hpp">
      <Filter>Header Files\Utils</Filter>
    </ClInclude>
  </ItemGroup>
  <ItemGroup>
    <None Include="packages.config" />
  </ItemGroup>
</Project>